
Microsoft Visual Studio Solution File, Format Version 12.00
# Visual Studio Version 17
VisualStudioVersion = 17.3.32929.385
MinimumVisualStudioVersion = 10.0.40219.1
Project("{8BC9CEB8-8B4A-11D0-8D11-00A0C91BC942}") = "testQt", "testQt\testQt.vcxproj", "{D82BF294-6771-44E5-91DA-8003DE62D4C5}"
EndProject
Project("{2150E333-8FDC-42A3-9474-1A3956D46DE8}") = "Projektmappenelemente", "Projektmappenelemente", "{4919D417-2338-4D08-A263-27D8343B4791}"
EndProject
Global
	GlobalSection(SolutionConfigurationPlatforms) = preSolution
		Debug|x64 = Debug|x64
		Debug|x86 = Debug|x86
		Release|x64 = Release|x64
		Release|x86 = Release|x86
	EndGlobalSection
	GlobalSection(ProjectConfigurationPlatforms) = postSolution
		{D82BF294-6771-44E5-91DA-8003DE62D4C5}.Debug|x64.ActiveCfg = Debug|x64
		{D82BF294-6771-44E5-91DA-8003DE62D4C5}.Debug|x64.Build.0 = Debug|x64
		{D82BF294-6771-44E5-91DA-8003DE62D4C5}.Debug|x86.ActiveCfg = Debug|Win32
		{D82BF294-6771-44E5-91DA-8003DE62D4C5}.Debug|x86.Build.0 = Debug|Win32
		{D82BF294-6771-44E5-91DA-8003DE62D4C5}.Release|x64.ActiveCfg = Release|x64
		{D82BF294-6771-44E5-91DA-8003DE62D4C5}.Release|x64.Build.0 = Release|x64
		{D82BF294-6771-44E5-91DA-8003DE62D4C5}.Release|x86.ActiveCfg = Release|Win32
		{D82BF294-6771-44E5-91DA-8003DE62D4C5}.Release|x86.Build.0 = Release|Win32
	EndGlobalSection
	GlobalSection(SolutionProperties) = preSolution
		HideSolutionNode = FALSE
	EndGlobalSection
	GlobalSection(ExtensibilityGlobals) = postSolution
		SolutionGuid = {A19BE733-5D81-4D63-8248-71258777C171}
	EndGlobalSection
EndGlobal
